
Microsoft Visual Studio Solution File, Format Version 12.00
# Visual Studio Version 17
VisualStudioVersion = 17.12.35323.107
MinimumVisualStudioVersion = 10.0.40219.1
Project("{FAE04EC0-301F-11D3-BF4B-00C04F79EFBC}") = "LoggingExperiment", "..\LoggingExperiment\LoggingExperiment.csproj", "{F4AC833F-B571-4E12-81C9-163676051011}"
EndProject
Global
	GlobalSection(SolutionConfigurationPlatforms) = preSolution
		Debug|Any CPU = Debug|Any CPU
		Release|Any CPU = Release|Any CPU
	EndGlobalSection
	GlobalSection(ProjectConfigurationPlatforms) = postSolution
		{F4AC833F-B571-4E12-81C9-163676051011}.Debug|Any CPU.ActiveCfg = Debug|Any CPU
		{F4AC833F-B571-4E12-81C9-163676051011}.Debug|Any CPU.Build.0 = Debug|Any CPU
		{F4AC833F-B571-4E12-81C9-163676051011}.Release|Any CPU.ActiveCfg = Release|Any CPU
		{F4AC833F-B571-4E12-81C9-163676051011}.Release|Any CPU.Build.0 = Release|Any CPU
	EndGlobalSection
	GlobalSection(SolutionProperties) = preSolution
		HideSolutionNode = FALSE
	EndGlobalSection
	GlobalSection(ExtensibilityGlobals) = postSolution
		SolutionGuid = {78130D04-0C0E-4EB0-862F-9EABE11AD9E9}
	EndGlobalSection
EndGlobal
